// !$*UTF8*$!
{
	archiveVersion = 1;
	classes = {
	};
	objectVersion = 56;
	objects = {

/* Begin PBXBuildFile section */
		D205E7782BA56DC500F528C3 /* WeatherManager.swift in Sources */ = {isa = PBXBuildFile; fileRef = D205E7772BA56DC500F528C3 /* WeatherManager.swift */; };
		D205E77B2BA5721D00F528C3 /* WeatherModel.swift in Sources */ = {isa = PBXBuildFile; fileRef = D205E77A2BA5721D00F528C3 /* WeatherModel.swift */; };
		D205E77E2BA5AA0A00F528C3 /* LoadingView.swift in Sources */ = {isa = PBXBuildFile; fileRef = D205E77D2BA5AA0A00F528C3 /* LoadingView.swift */; };
		D2494FCD2BA5EBB50033C825 /* CityListView.swift in Sources */ = {isa = PBXBuildFile; fileRef = D2494FCC2BA5EBB50033C825 /* CityListView.swift */; };
		D2494FCF2BA5FF8A0033C825 /* WeatherView.swift in Sources */ = {isa = PBXBuildFile; fileRef = D2494FCE2BA5FF8A0033C825 /* WeatherView.swift */; };
		D2494FD22BA600520033C825 /* ModelData.swift in Sources */ = {isa = PBXBuildFile; fileRef = D2494FD12BA600520033C825 /* ModelData.swift */; };
		D2494FD42BA600CB0033C825 /* weatherData.json in Resources */ = {isa = PBXBuildFile; fileRef = D2494FD32BA600CB0033C825 /* weatherData.json */; };
		D2494FDB2BA6B7FD0033C825 /* DarkModeToggle.swift in Sources */ = {isa = PBXBuildFile; fileRef = D2494FDA2BA6B7FD0033C825 /* DarkModeToggle.swift */; };
		D27A5DE22BA3F18B00DED8B8 /* weather_appApp.swift in Sources */ = {isa = PBXBuildFile; fileRef = D27A5DE12BA3F18B00DED8B8 /* weather_appApp.swift */; };
		D27A5DE42BA3F18B00DED8B8 /* ContentView.swift in Sources */ = {isa = PBXBuildFile; fileRef = D27A5DE32BA3F18B00DED8B8 /* ContentView.swift */; };
		D27A5DE62BA3F18D00DED8B8 /* Assets.xcassets in Resources */ = {isa = PBXBuildFile; fileRef = D27A5DE52BA3F18D00DED8B8 /* Assets.xcassets */; };
		D27A5DE92BA3F18D00DED8B8 /* Preview Assets.xcassets in Resources */ = {isa = PBXBuildFile; fileRef = D27A5DE82BA3F18D00DED8B8 /* Preview Assets.xcassets */; };
		D27A5DF32BA3F18D00DED8B8 /* weather_appTests.swift in Sources */ = {isa = PBXBuildFile; fileRef = D27A5DF22BA3F18D00DED8B8 /* weather_appTests.swift */; };
		D27A5DFD2BA3F18D00DED8B8 /* weather_appUITests.swift in Sources */ = {isa = PBXBuildFile; fileRef = D27A5DFC2BA3F18D00DED8B8 /* weather_appUITests.swift */; };
		D27A5DFF2BA3F18D00DED8B8 /* weather_appUITestsLaunchTests.swift in Sources */ = {isa = PBXBuildFile; fileRef = D27A5DFE2BA3F18D00DED8B8 /* weather_appUITestsLaunchTests.swift */; };
/* End PBXBuildFile section */

/* Begin PBXContainerItemProxy section */
		D27A5DEF2BA3F18D00DED8B8 /* PBXContainerItemProxy */ = {
			isa = PBXContainerItemProxy;
			containerPortal = D27A5DD62BA3F18B00DED8B8 /* Project object */;
			proxyType = 1;
			remoteGlobalIDString = D27A5DDD2BA3F18B00DED8B8;
			remoteInfo = "weather-app";
		};
		D27A5DF92BA3F18D00DED8B8 /* PBXContainerItemProxy */ = {
			isa = PBXContainerItemProxy;
			containerPortal = D27A5DD62BA3F18B00DED8B8 /* Project object */;
			proxyType = 1;
			remoteGlobalIDString = D27A5DDD2BA3F18B00DED8B8;
			remoteInfo = "weather-app";
		};
/* End PBXContainerItemProxy section */

/* Begin PBXFileReference section */
		D205E7772BA56DC500F528C3 /* WeatherManager.swift */ = {isa = PBXFileReference; lastKnownFileType = sourcecode.swift; path = WeatherManager.swift; sourceTree = "<group>"; };
		D205E77A2BA5721D00F528C3 /* WeatherModel.swift */ = {isa = PBXFileReference; lastKnownFileType = sourcecode.swift; path = WeatherModel.swift; sourceTree = "<group>"; };
		D205E77D2BA5AA0A00F528C3 /* LoadingView.swift */ = {isa = PBXFileReference; lastKnownFileType = sourcecode.swift; path = LoadingView.swift; sourceTree = "<group>"; };
		D2494FCC2BA5EBB50033C825 /* CityListView.swift */ = {isa = PBXFileReference; lastKnownFileType = sourcecode.swift; path = CityListView.swift; sourceTree = "<group>"; };
		D2494FCE2BA5FF8A0033C825 /* WeatherView.swift */ = {isa = PBXFileReference; lastKnownFileType = sourcecode.swift; path = WeatherView.swift; sourceTree = "<group>"; };
		D2494FD12BA600520033C825 /* ModelData.swift */ = {isa = PBXFileReference; lastKnownFileType = sourcecode.swift; path = ModelData.swift; sourceTree = "<group>"; };
		D2494FD32BA600CB0033C825 /* weatherData.json */ = {isa = PBXFileReference; lastKnownFileType = text.json; path = weatherData.json; sourceTree = "<group>"; };
		D2494FDA2BA6B7FD0033C825 /* DarkModeToggle.swift */ = {isa = PBXFileReference; lastKnownFileType = sourcecode.swift; path = DarkModeToggle.swift; sourceTree = "<group>"; };
		D27A5DDE2BA3F18B00DED8B8 /* weather-app.app */ = {isa = PBXFileReference; explicitFileType = wrapper.application; includeInIndex = 0; path = "weather-app.app"; sourceTree = BUILT_PRODUCTS_DIR; };
		D27A5DE12BA3F18B00DED8B8 /* weather_appApp.swift */ = {isa = PBXFileReference; lastKnownFileType = sourcecode.swift; path = weather_appApp.swift; sourceTree = "<group>"; };
		D27A5DE32BA3F18B00DED8B8 /* ContentView.swift */ = {isa = PBXFileReference; lastKnownFileType = sourcecode.swift; path = ContentView.swift; sourceTree = "<group>"; };
		D27A5DE52BA3F18D00DED8B8 /* Assets.xcassets */ = {isa = PBXFileReference; lastKnownFileType = folder.assetcatalog; path = Assets.xcassets; sourceTree = "<group>"; };
		D27A5DE82BA3F18D00DED8B8 /* Preview Assets.xcassets */ = {isa = PBXFileReference; lastKnownFileType = folder.assetcatalog; path = "Preview Assets.xcassets"; sourceTree = "<group>"; };
		D27A5DEE2BA3F18D00DED8B8 /* weather-appTests.xctest */ = {isa = PBXFileReference; explicitFileType = wrapper.cfbundle; includeInIndex = 0; path = "weather-appTests.xctest"; sourceTree = BUILT_PRODUCTS_DIR; };
		D27A5DF22BA3F18D00DED8B8 /* weather_appTests.swift */ = {isa = PBXFileReference; lastKnownFileType = sourcecode.swift; path = weather_appTests.swift; sourceTree = "<group>"; };
		D27A5DF82BA3F18D00DED8B8 /* weather-appUITests.xctest */ = {isa = PBXFileReference; explicitFileType = wrapper.cfbundle; includeInIndex = 0; path = "weather-appUITests.xctest"; sourceTree = BUILT_PRODUCTS_DIR; };
		D27A5DFC2BA3F18D00DED8B8 /* weather_appUITests.swift */ = {isa = PBXFileReference; lastKnownFileType = sourcecode.swift; path = weather_appUITests.swift; sourceTree = "<group>"; };
		D27A5DFE2BA3F18D00DED8B8 /* weather_appUITestsLaunchTests.swift */ = {isa = PBXFileReference; lastKnownFileType = sourcecode.swift; path = weather_appUITestsLaunchTests.swift; sourceTree = "<group>"; };
/* End PBXFileReference section */

/* Begin PBXFrameworksBuildPhase section */
		D27A5DDB2BA3F18B00DED8B8 /* Frameworks */ = {
			isa = PBXFrameworksBuildPhase;
			buildActionMask = 2147483647;
			files = (
			);
			runOnlyForDeploymentPostprocessing = 0;
		};
		D27A5DEB2BA3F18D00DED8B8 /* Frameworks */ = {
			isa = PBXFrameworksBuildPhase;
			buildActionMask = 2147483647;
			files = (
			);
			runOnlyForDeploymentPostprocessing = 0;
		};
		D27A5DF52BA3F18D00DED8B8 /* Frameworks */ = {
			isa = PBXFrameworksBuildPhase;
			buildActionMask = 2147483647;
			files = (
			);
			runOnlyForDeploymentPostprocessing = 0;
		};
/* End PBXFrameworksBuildPhase section */

/* Begin PBXGroup section */
		D205E7762BA56DAC00F528C3 /* Managers */ = {
			isa = PBXGroup;
			children = (
				D205E7772BA56DC500F528C3 /* WeatherManager.swift */,
			);
			path = Managers;
			sourceTree = "<group>";
		};
		D205E7792BA5721100F528C3 /* Model */ = {
			isa = PBXGroup;
			children = (
				D205E77A2BA5721D00F528C3 /* WeatherModel.swift */,
			);
			path = Model;
			sourceTree = "<group>";
		};
		D205E77C2BA5A9FC00F528C3 /* Views */ = {
			isa = PBXGroup;
			children = (
				D205E77D2BA5AA0A00F528C3 /* LoadingView.swift */,
				D2494FCC2BA5EBB50033C825 /* CityListView.swift */,
				D2494FCE2BA5FF8A0033C825 /* WeatherView.swift */,
			);
			path = Views;
			sourceTree = "<group>";
		};
		D2494FD02BA6003C0033C825 /* PreviewContent */ = {
			isa = PBXGroup;
			children = (
				D2494FD12BA600520033C825 /* ModelData.swift */,
				D2494FD32BA600CB0033C825 /* weatherData.json */,
			);
			path = PreviewContent;
			sourceTree = "<group>";
		};
		D2494FD92BA6B7ED0033C825 /* GlobalState */ = {
			isa = PBXGroup;
			children = (
				D2494FDA2BA6B7FD0033C825 /* DarkModeToggle.swift */,
			);
			path = GlobalState;
			sourceTree = "<group>";
		};
		D27A5DD52BA3F18B00DED8B8 = {
			isa = PBXGroup;
			children = (
				D27A5DE02BA3F18B00DED8B8 /* weather-app */,
				D27A5DF12BA3F18D00DED8B8 /* weather-appTests */,
				D27A5DFB2BA3F18D00DED8B8 /* weather-appUITests */,
				D27A5DDF2BA3F18B00DED8B8 /* Products */,
			);
			sourceTree = "<group>";
		};
		D27A5DDF2BA3F18B00DED8B8 /* Products */ = {
			isa = PBXGroup;
			children = (
				D27A5DDE2BA3F18B00DED8B8 /* weather-app.app */,
				D27A5DEE2BA3F18D00DED8B8 /* weather-appTests.xctest */,
				D27A5DF82BA3F18D00DED8B8 /* weather-appUITests.xctest */,
			);
			name = Products;
			sourceTree = "<group>";
		};
		D27A5DE02BA3F18B00DED8B8 /* weather-app */ = {
			isa = PBXGroup;
			children = (
				D2494FD92BA6B7ED0033C825 /* GlobalState */,
				D2494FD02BA6003C0033C825 /* PreviewContent */,
				D205E77C2BA5A9FC00F528C3 /* Views */,
				D205E7792BA5721100F528C3 /* Model */,
				D205E7762BA56DAC00F528C3 /* Managers */,
				D27A5DE12BA3F18B00DED8B8 /* weather_appApp.swift */,
				D27A5DE32BA3F18B00DED8B8 /* ContentView.swift */,
				D27A5DE52BA3F18D00DED8B8 /* Assets.xcassets */,
				D27A5DE72BA3F18D00DED8B8 /* Preview Content */,
			);
			path = "weather-app";
			sourceTree = "<group>";
		};
		D27A5DE72BA3F18D00DED8B8 /* Preview Content */ = {
			isa = PBXGroup;
			children = (
				D27A5DE82BA3F18D00DED8B8 /* Preview Assets.xcassets */,
			);
			path = "Preview Content";
			sourceTree = "<group>";
		};
		D27A5DF12BA3F18D00DED8B8 /* weather-appTests */ = {
			isa = PBXGroup;
			children = (
				D27A5DF22BA3F18D00DED8B8 /* weather_appTests.swift */,
			);
			path = "weather-appTests";
			sourceTree = "<group>";
		};
		D27A5DFB2BA3F18D00DED8B8 /* weather-appUITests */ = {
			isa = PBXGroup;
			children = (
				D27A5DFC2BA3F18D00DED8B8 /* weather_appUITests.swift */,
				D27A5DFE2BA3F18D00DED8B8 /* weather_appUITestsLaunchTests.swift */,
			);
			path = "weather-appUITests";
			sourceTree = "<group>";
		};
/* End PBXGroup section */

/* Begin PBXNativeTarget section */
		D27A5DDD2BA3F18B00DED8B8 /* weather-app */ = {
			isa = PBXNativeTarget;
			buildConfigurationList = D27A5E022BA3F18D00DED8B8 /* Build configuration list for PBXNativeTarget "weather-app" */;
			buildPhases = (
				D27A5DDA2BA3F18B00DED8B8 /* Sources */,
				D27A5DDB2BA3F18B00DED8B8 /* Frameworks */,
				D27A5DDC2BA3F18B00DED8B8 /* Resources */,
			);
			buildRules = (
			);
			dependencies = (
			);
			name = "weather-app";
			productName = "weather-app";
			productReference = D27A5DDE2BA3F18B00DED8B8 /* weather-app.app */;
			productType = "com.apple.product-type.application";
		};
		D27A5DED2BA3F18D00DED8B8 /* weather-appTests */ = {
			isa = PBXNativeTarget;
			buildConfigurationList = D27A5E052BA3F18D00DED8B8 /* Build configuration list for PBXNativeTarget "weather-appTests" */;
			buildPhases = (
				D27A5DEA2BA3F18D00DED8B8 /* Sources */,
				D27A5DEB2BA3F18D00DED8B8 /* Frameworks */,
				D27A5DEC2BA3F18D00DED8B8 /* Resources */,
			);
			buildRules = (
			);
			dependencies = (
				D27A5DF02BA3F18D00DED8B8 /* PBXTargetDependency */,
			);
			name = "weather-appTests";
			productName = "weather-appTests";
			productReference = D27A5DEE2BA3F18D00DED8B8 /* weather-appTests.xctest */;
			productType = "com.apple.product-type.bundle.unit-test";
		};
		D27A5DF72BA3F18D00DED8B8 /* weather-appUITests */ = {
			isa = PBXNativeTarget;
			buildConfigurationList = D27A5E082BA3F18D00DED8B8 /* Build configuration list for PBXNativeTarget "weather-appUITests" */;
			buildPhases = (
				D27A5DF42BA3F18D00DED8B8 /* Sources */,
				D27A5DF52BA3F18D00DED8B8 /* Frameworks */,
				D27A5DF62BA3F18D00DED8B8 /* Resources */,
			);
			buildRules = (
			);
			dependencies = (
				D27A5DFA2BA3F18D00DED8B8 /* PBXTargetDependency */,
			);
			name = "weather-appUITests";
			productName = "weather-appUITests";
			productReference = D27A5DF82BA3F18D00DED8B8 /* weather-appUITests.xctest */;
			productType = "com.apple.product-type.bundle.ui-testing";
		};
/* End PBXNativeTarget section */

/* Begin PBXProject section */
		D27A5DD62BA3F18B00DED8B8 /* Project object */ = {
			isa = PBXProject;
			attributes = {
				BuildIndependentTargetsInParallel = 1;
				LastSwiftUpdateCheck = 1530;
				LastUpgradeCheck = 1530;
				TargetAttributes = {
					D27A5DDD2BA3F18B00DED8B8 = {
						CreatedOnToolsVersion = 15.3;
					};
					D27A5DED2BA3F18D00DED8B8 = {
						CreatedOnToolsVersion = 15.3;
						TestTargetID = D27A5DDD2BA3F18B00DED8B8;
					};
					D27A5DF72BA3F18D00DED8B8 = {
						CreatedOnToolsVersion = 15.3;
						TestTargetID = D27A5DDD2BA3F18B00DED8B8;
					};
				};
			};
			buildConfigurationList = D27A5DD92BA3F18B00DED8B8 /* Build configuration list for PBXProject "weather-app" */;
			compatibilityVersion = "Xcode 14.0";
			developmentRegion = en;
			hasScannedForEncodings = 0;
			knownRegions = (
				en,
				Base,
			);
			mainGroup = D27A5DD52BA3F18B00DED8B8;
			productRefGroup = D27A5DDF2BA3F18B00DED8B8 /* Products */;
			projectDirPath = "";
			projectRoot = "";
			targets = (
				D27A5DDD2BA3F18B00DED8B8 /* weather-app */,
				D27A5DED2BA3F18D00DED8B8 /* weather-appTests */,
				D27A5DF72BA3F18D00DED8B8 /* weather-appUITests */,
			);
		};
/* End PBXProject section */

/* Begin PBXResourcesBuildPhase section */
		D27A5DDC2BA3F18B00DED8B8 /* Resources */ = {
			isa = PBXResourcesBuildPhase;
			buildActionMask = 2147483647;
			files = (
				D27A5DE92BA3F18D00DED8B8 /* Preview Assets.xcassets in Resources */,
				D2494FD42BA600CB0033C825 /* weatherData.json in Resources */,
				D27A5DE62BA3F18D00DED8B8 /* Assets.xcassets in Resources */,
			);
			runOnlyForDeploymentPostprocessing = 0;
		};
		D27A5DEC2BA3F18D00DED8B8 /* Resources */ = {
			isa = PBXResourcesBuildPhase;
			buildActionMask = 2147483647;
			files = (
			);
			runOnlyForDeploymentPostprocessing = 0;
		};
		D27A5DF62BA3F18D00DED8B8 /* Resources */ = {
			isa = PBXResourcesBuildPhase;
			buildActionMask = 2147483647;
			files = (
			);
			runOnlyForDeploymentPostprocessing = 0;
		};
/* End PBXResourcesBuildPhase section */

/* Begin PBXSourcesBuildPhase section */
		D27A5DDA2BA3F18B00DED8B8 /* Sources */ = {
			isa = PBXSourcesBuildPhase;
			buildActionMask = 2147483647;
			files = (
				D205E7782BA56DC500F528C3 /* WeatherManager.swift in Sources */,
				D27A5DE42BA3F18B00DED8B8 /* ContentView.swift in Sources */,
				D205E77B2BA5721D00F528C3 /* WeatherModel.swift in Sources */,
				D2494FCD2BA5EBB50033C825 /* CityListView.swift in Sources */,
				D205E77E2BA5AA0A00F528C3 /* LoadingView.swift in Sources */,
				D2494FDB2BA6B7FD0033C825 /* DarkModeToggle.swift in Sources */,
				D2494FD22BA600520033C825 /* ModelData.swift in Sources */,
				D2494FCF2BA5FF8A0033C825 /* WeatherView.swift in Sources */,
				D27A5DE22BA3F18B00DED8B8 /* weather_appApp.swift in Sources */,
			);
			runOnlyForDeploymentPostprocessing = 0;
		};
		D27A5DEA2BA3F18D00DED8B8 /* Sources */ = {
			isa = PBXSourcesBuildPhase;
			buildActionMask = 2147483647;
			files = (
				D27A5DF32BA3F18D00DED8B8 /* weather_appTests.swift in Sources */,
			);
			runOnlyForDeploymentPostprocessing = 0;
		};
		D27A5DF42BA3F18D00DED8B8 /* Sources */ = {
			isa = PBXSourcesBuildPhase;
			buildActionMask = 2147483647;
			files = (
				D27A5DFD2BA3F18D00DED8B8 /* weather_appUITests.swift in Sources */,
				D27A5DFF2BA3F18D00DED8B8 /* weather_appUITestsLaunchTests.swift in Sources */,
			);
			runOnlyForDeploymentPostprocessing = 0;
		};
/* End PBXSourcesBuildPhase section */

/* Begin PBXTargetDependency section */
		D27A5DF02BA3F18D00DED8B8 /* PBXTargetDependency */ = {
			isa = PBXTargetDependency;
			target = D27A5DDD2BA3F18B00DED8B8 /* weather-app */;
			targetProxy = D27A5DEF2BA3F18D00DED8B8 /* PBXContainerItemProxy */;
		};
		D27A5DFA2BA3F18D00DED8B8 /* PBXTargetDependency */ = {
			isa = PBXTargetDependency;
			target = D27A5DDD2BA3F18B00DED8B8 /* weather-app */;
			targetProxy = D27A5DF92BA3F18D00DED8B8 /* PBXContainerItemProxy */;
		};
/* End PBXTargetDependency section */

/* Begin XCBuildConfiguration section */
		D27A5E002BA3F18D00DED8B8 /* Debug */ = {
			isa = XCBuildConfiguration;
			buildSettings = {
				ALWAYS_SEARCH_USER_PATHS = NO;
				ASSETCATALOG_COMPILER_GENERATE_SWIFT_ASSET_SYMBOL_EXTENSIONS = YES;
				CLANG_ANALYZER_NONNULL = YES;
				CLANG_ANALYZER_NUMBER_OBJECT_CONVERSION = YES_AGGRESSIVE;
				CLANG_CXX_LANGUAGE_STANDARD = "gnu++20";
				CLANG_ENABLE_MODULES = YES;
				CLANG_ENABLE_OBJC_ARC = YES;
				CLANG_ENABLE_OBJC_WEAK = YES;
				CLANG_WARN_BLOCK_CAPTURE_AUTORELEASING = YES;
				CLANG_WARN_BOOL_CONVERSION = YES;
				CLANG_WARN_COMMA = YES;
				CLANG_WARN_CONSTANT_CONVERSION = YES;
				CLANG_WARN_DEPRECATED_OBJC_IMPLEMENTATIONS = YES;
				CLANG_WARN_DIRECT_OBJC_ISA_USAGE = YES_ERROR;
				CLANG_WARN_DOCUMENTATION_COMMENTS = YES;
				CLANG_WARN_EMPTY_BODY = YES;
				CLANG_WARN_ENUM_CONVERSION = YES;
				CLANG_WARN_INFINITE_RECURSION = YES;
				CLANG_WARN_INT_CONVERSION = YES;
				CLANG_WARN_NON_LITERAL_NULL_CONVERSION = YES;
				CLANG_WARN_OBJC_IMPLICIT_RETAIN_SELF = YES;
				CLANG_WARN_OBJC_LITERAL_CONVERSION = YES;
				CLANG_WARN_OBJC_ROOT_CLASS = YES_ERROR;
				CLANG_WARN_QUOTED_INCLUDE_IN_FRAMEWORK_HEADER = YES;
				CLANG_WARN_RANGE_LOOP_ANALYSIS = YES;
				CLANG_WARN_STRICT_PROTOTYPES = YES;
				CLANG_WARN_SUSPICIOUS_MOVE = YES;
				CLANG_WARN_UNGUARDED_AVAILABILITY = YES_AGGRESSIVE;
				CLANG_WARN_UNREACHABLE_CODE = YES;
				CLANG_WARN__DUPLICATE_METHOD_MATCH = YES;
				COPY_PHASE_STRIP = NO;
				DEBUG_INFORMATION_FORMAT = dwarf;
				ENABLE_STRICT_OBJC_MSGSEND = YES;
				ENABLE_TESTABILITY = YES;
				ENABLE_USER_SCRIPT_SANDBOXING = YES;
				GCC_C_LANGUAGE_STANDARD = gnu17;
				GCC_DYNAMIC_NO_PIC = NO;
				GCC_NO_COMMON_BLOCKS = YES;
				GCC_OPTIMIZATION_LEVEL = 0;
				GCC_PREPROCESSOR_DEFINITIONS = (
					"DEBUG=1",
					"$(inherited)",
				);
				GCC_WARN_64_TO_32_BIT_CONVERSION = YES;
				GCC_WARN_ABOUT_RETURN_TYPE = YES_ERROR;
				GCC_WARN_UNDECLARED_SELECTOR = YES;
				GCC_WARN_UNINITIALIZED_AUTOS = YES_AGGRESSIVE;
				GCC_WARN_UNUSED_FUNCTION = YES;
				GCC_WARN_UNUSED_VARIABLE = YES;
				IPHONEOS_DEPLOYMENT_TARGET = 17.4;
				LOCALIZATION_PREFERS_STRING_CATALOGS = YES;
				MTL_ENABLE_DEBUG_INFO = INCLUDE_SOURCE;
				MTL_FAST_MATH = YES;
				ONLY_ACTIVE_ARCH = YES;
				SDKROOT = iphoneos;
				SWIFT_ACTIVE_COMPILATION_CONDITIONS = "DEBUG $(inherited)";
				SWIFT_OPTIMIZATION_LEVEL = "-Onone";
			};
			name = Debug;
		};
		D27A5E012BA3F18D00DED8B8 /* Release */ = {
			isa = XCBuildConfiguration;
			buildSettings = {
				ALWAYS_SEARCH_USER_PATHS = NO;
				ASSETCATALOG_COMPILER_GENERATE_SWIFT_ASSET_SYMBOL_EXTENSIONS = YES;
				CLANG_ANALYZER_NONNULL = YES;
				CLANG_ANALYZER_NUMBER_OBJECT_CONVERSION = YES_AGGRESSIVE;
				CLANG_CXX_LANGUAGE_STANDARD = "gnu++20";
				CLANG_ENABLE_MODULES = YES;
				CLANG_ENABLE_OBJC_ARC = YES;
				CLANG_ENABLE_OBJC_WEAK = YES;
				CLANG_WARN_BLOCK_CAPTURE_AUTORELEASING = YES;
				CLANG_WARN_BOOL_CONVERSION = YES;
				CLANG_WARN_COMMA = YES;
				CLANG_WARN_CONSTANT_CONVERSION = YES;
				CLANG_WARN_DEPRECATED_OBJC_IMPLEMENTATIONS = YES;
				CLANG_WARN_DIRECT_OBJC_ISA_USAGE = YES_ERROR;
				CLANG_WARN_DOCUMENTATION_COMMENTS = YES;
				CLANG_WARN_EMPTY_BODY = YES;
				CLANG_WARN_ENUM_CONVERSION = YES;
				CLANG_WARN_INFINITE_RECURSION = YES;
				CLANG_WARN_INT_CONVERSION = YES;
				CLANG_WARN_NON_LITERAL_NULL_CONVERSION = YES;
				CLANG_WARN_OBJC_IMPLICIT_RETAIN_SELF = YES;
				CLANG_WARN_OBJC_LITERAL_CONVERSION = YES;
				CLANG_WARN_OBJC_ROOT_CLASS = YES_ERROR;
				CLANG_WARN_QUOTED_INCLUDE_IN_FRAMEWORK_HEADER = YES;
				CLANG_WARN_RANGE_LOOP_ANALYSIS = YES;
				CLANG_WARN_STRICT_PROTOTYPES = YES;
				CLANG_WARN_SUSPICIOUS_MOVE = YES;
				CLANG_WARN_UNGUARDED_AVAILABILITY = YES_AGGRESSIVE;
				CLANG_WARN_UNREACHABLE_CODE = YES;
				CLANG_WARN__DUPLICATE_METHOD_MATCH = YES;
				COPY_PHASE_STRIP = NO;
				DEBUG_INFORMATION_FORMAT = "dwarf-with-dsym";
				ENABLE_NS_ASSERTIONS = NO;
				ENABLE_STRICT_OBJC_MSGSEND = YES;
				ENABLE_USER_SCRIPT_SANDBOXING = YES;
				GCC_C_LANGUAGE_STANDARD = gnu17;
				GCC_NO_COMMON_BLOCKS = YES;
				GCC_WARN_64_TO_32_BIT_CONVERSION = YES;
				GCC_WARN_ABOUT_RETURN_TYPE = YES_ERROR;
				GCC_WARN_UNDECLARED_SELECTOR = YES;
				GCC_WARN_UNINITIALIZED_AUTOS = YES_AGGRESSIVE;
				GCC_WARN_UNUSED_FUNCTION = YES;
				GCC_WARN_UNUSED_VARIABLE = YES;
				IPHONEOS_DEPLOYMENT_TARGET = 17.4;
				LOCALIZATION_PREFERS_STRING_CATALOGS = YES;
				MTL_ENABLE_DEBUG_INFO = NO;
				MTL_FAST_MATH = YES;
				SDKROOT = iphoneos;
				SWIFT_COMPILATION_MODE = wholemodule;
				VALIDATE_PRODUCT = YES;
			};
			name = Release;
		};
		D27A5E032BA3F18D00DED8B8 /* Debug */ = {
			isa = XCBuildConfiguration;
			buildSettings = {
				ASSETCATALOG_COMPILER_APPICON_NAME = AppIcon;
				ASSETCATALOG_COMPILER_GLOBAL_ACCENT_COLOR_NAME = AccentColor;
				CODE_SIGN_STYLE = Automatic;
				CURRENT_PROJECT_VERSION = 1;
				DEVELOPMENT_ASSET_PATHS = "\"weather-app/Preview Content\"";
				DEVELOPMENT_TEAM = DUB4N56HL2;
				ENABLE_PREVIEWS = YES;
				GENERATE_INFOPLIST_FILE = YES;
				INFOPLIST_KEY_UIApplicationSceneManifest_Generation = YES;
				INFOPLIST_KEY_UIApplicationSupportsIndirectInputEvents = YES;
				INFOPLIST_KEY_UILaunchScreen_Generation = YES;
				INFOPLIST_KEY_UISupportedInterfaceOrientations_iPad = "UIInterfaceOrientationPortrait UIInterfaceOrientationPortraitUpsideDown UIInterfaceOrientationLandscapeLeft UIInterfaceOrientationLandscapeRight";
				INFOPLIST_KEY_UISupportedInterfaceOrientations_iPhone = "UIInterfaceOrientationPortrait UIInterfaceOrientationLandscapeLeft UIInterfaceOrientationLandscapeRight";
				LD_RUNPATH_SEARCH_PATHS = (
					"$(inherited)",
					"@executable_path/Frameworks",
				);
				MARKETING_VERSION = 1.0;
				PRODUCT_BUNDLE_IDENTIFIER = "aangavatar.weather-app";
				PRODUCT_NAME = "$(TARGET_NAME)";
				SWIFT_EMIT_LOC_STRINGS = YES;
				SWIFT_VERSION = 5.0;
				TARGETED_DEVICE_FAMILY = "1,2";
			};
			name = Debug;
		};
		D27A5E042BA3F18D00DED8B8 /* Release */ = {
			isa = XCBuildConfiguration;
			buildSettings = {
				ASSETCATALOG_COMPILER_APPICON_NAME = AppIcon;
				ASSETCATALOG_COMPILER_GLOBAL_ACCENT_COLOR_NAME = AccentColor;
				CODE_SIGN_STYLE = Automatic;
				CURRENT_PROJECT_VERSION = 1;
				DEVELOPMENT_ASSET_PATHS = "\"weather-app/Preview Content\"";
				DEVELOPMENT_TEAM = DUB4N56HL2;
				ENABLE_PREVIEWS = YES;
				GENERATE_INFOPLIST_FILE = YES;
				INFOPLIST_KEY_UIApplicationSceneManifest_Generation = YES;
				INFOPLIST_KEY_UIApplicationSupportsIndirectInputEvents = YES;
				INFOPLIST_KEY_UILaunchScreen_Generation = YES;
				INFOPLIST_KEY_UISupportedInterfaceOrientations_iPad = "UIInterfaceOrientationPortrait UIInterfaceOrientationPortraitUpsideDown UIInterfaceOrientationLandscapeLeft UIInterfaceOrientationLandscapeRight";
				INFOPLIST_KEY_UISupportedInterfaceOrientations_iPhone = "UIInterfaceOrientationPortrait UIInterfaceOrientationLandscapeLeft UIInterfaceOrientationLandscapeRight";
				LD_RUNPATH_SEARCH_PATHS = (
					"$(inherited)",
					"@executable_path/Frameworks",
				);
				MARKETING_VERSION = 1.0;
				PRODUCT_BUNDLE_IDENTIFIER = "aangavatar.weather-app";
				PRODUCT_NAME = "$(TARGET_NAME)";
				SWIFT_EMIT_LOC_STRINGS = YES;
				SWIFT_VERSION = 5.0;
				TARGETED_DEVICE_FAMILY = "1,2";
			};
			name = Release;
		};
		D27A5E062BA3F18D00DED8B8 /* Debug */ = {
			isa = XCBuildConfiguration;
			buildSettings = {
				ALWAYS_EMBED_SWIFT_STANDARD_LIBRARIES = YES;
				BUNDLE_LOADER = "$(TEST_HOST)";
				CODE_SIGN_STYLE = Automatic;
				CURRENT_PROJECT_VERSION = 1;
				GENERATE_INFOPLIST_FILE = YES;
				IPHONEOS_DEPLOYMENT_TARGET = 17.4;
				MARKETING_VERSION = 1.0;
				PRODUCT_BUNDLE_IDENTIFIER = "aangavatar.weather-appTests";
				PRODUCT_NAME = "$(TARGET_NAME)";
				SWIFT_EMIT_LOC_STRINGS = NO;
				SWIFT_VERSION = 5.0;
				TARGETED_DEVICE_FAMILY = "1,2";
				TEST_HOST = "$(BUILT_PRODUCTS_DIR)/weather-app.app/$(BUNDLE_EXECUTABLE_FOLDER_PATH)/weather-app";
			};
			name = Debug;
		};
		D27A5E072BA3F18D00DED8B8 /* Release */ = {
			isa = XCBuildConfiguration;
			buildSettings = {
				ALWAYS_EMBED_SWIFT_STANDARD_LIBRARIES = YES;
				BUNDLE_LOADER = "$(TEST_HOST)";
				CODE_SIGN_STYLE = Automatic;
				CURRENT_PROJECT_VERSION = 1;
				GENERATE_INFOPLIST_FILE = YES;
				IPHONEOS_DEPLOYMENT_TARGET = 17.4;
				MARKETING_VERSION = 1.0;
				PRODUCT_BUNDLE_IDENTIFIER = "aangavatar.weather-appTests";
				PRODUCT_NAME = "$(TARGET_NAME)";
				SWIFT_EMIT_LOC_STRINGS = NO;
				SWIFT_VERSION = 5.0;
				TARGETED_DEVICE_FAMILY = "1,2";
				TEST_HOST = "$(BUILT_PRODUCTS_DIR)/weather-app.app/$(BUNDLE_EXECUTABLE_FOLDER_PATH)/weather-app";
			};
			name = Release;
		};
		D27A5E092BA3F18D00DED8B8 /* Debug */ = {
			isa = XCBuildConfiguration;
			buildSettings = {
				ALWAYS_EMBED_SWIFT_STANDARD_LIBRARIES = YES;
				CODE_SIGN_STYLE = Automatic;
				CURRENT_PROJECT_VERSION = 1;
				GENERATE_INFOPLIST_FILE = YES;
				MARKETING_VERSION = 1.0;
				PRODUCT_BUNDLE_IDENTIFIER = "aangavatar.weather-appUITests";
				PRODUCT_NAME = "$(TARGET_NAME)";
				SWIFT_EMIT_LOC_STRINGS = NO;
				SWIFT_VERSION = 5.0;
				TARGETED_DEVICE_FAMILY = "1,2";
				TEST_TARGET_NAME = "weather-app";
			};
			name = Debug;
		};
		D27A5E0A2BA3F18D00DED8B8 /* Release */ = {
			isa = XCBuildConfiguration;
			buildSettings = {
				ALWAYS_EMBED_SWIFT_STANDARD_LIBRARIES = YES;
				CODE_SIGN_STYLE = Automatic;
				CURRENT_PROJECT_VERSION = 1;
				GENERATE_INFOPLIST_FILE = YES;
				MARKETING_VERSION = 1.0;
				PRODUCT_BUNDLE_IDENTIFIER = "aangavatar.weather-appUITests";
				PRODUCT_NAME = "$(TARGET_NAME)";
				SWIFT_EMIT_LOC_STRINGS = NO;
				SWIFT_VERSION = 5.0;
				TARGETED_DEVICE_FAMILY = "1,2";
				TEST_TARGET_NAME = "weather-app";
			};
			name = Release;
		};
/* End XCBuildConfiguration section */

/* Begin XCConfigurationList section */
		D27A5DD92BA3F18B00DED8B8 /* Build configuration list for PBXProject "weather-app" */ = {
			isa = XCConfigurationList;
			buildConfigurations = (
				D27A5E002BA3F18D00DED8B8 /* Debug */,
				D27A5E012BA3F18D00DED8B8 /* Release */,
			);
			defaultConfigurationIsVisible = 0;
			defaultConfigurationName = Release;
		};
		D27A5E022BA3F18D00DED8B8 /* Build configuration list for PBXNativeTarget "weather-app" */ = {
			isa = XCConfigurationList;
			buildConfigurations = (
				D27A5E032BA3F18D00DED8B8 /* Debug */,
				D27A5E042BA3F18D00DED8B8 /* Release */,
			);
			defaultConfigurationIsVisible = 0;
			defaultConfigurationName = Release;
		};
		D27A5E052BA3F18D00DED8B8 /* Build configuration list for PBXNativeTarget "weather-appTests" */ = {
			isa = XCConfigurationList;
			buildConfigurations = (
				D27A5E062BA3F18D00DED8B8 /* Debug */,
				D27A5E072BA3F18D00DED8B8 /* Release */,
			);
			defaultConfigurationIsVisible = 0;
			defaultConfigurationName = Release;
		};
		D27A5E082BA3F18D00DED8B8 /* Build configuration list for PBXNativeTarget "weather-appUITests" */ = {
			isa = XCConfigurationList;
			buildConfigurations = (
				D27A5E092BA3F18D00DED8B8 /* Debug */,
				D27A5E0A2BA3F18D00DED8B8 /* Release */,
			);
			defaultConfigurationIsVisible = 0;
			defaultConfigurationName = Release;
		};
/* End XCConfigurationList section */
	};
	rootObject = D27A5DD62BA3F18B00DED8B8 /* Project object */;
}
